
Microsoft Visual Studio Solution File, Format Version 12.00
# Visual Studio Version 16
VisualStudioVersion = 16.0.29009.5
MinimumVisualStudioVersion = 10.0.40219.1
Project("{FAE04EC0-301F-11D3-BF4B-00C04F79EFBC}") = "KlienciWeb", "KlienciWeb\KlienciWeb.csproj", "{717DC966-722B-404B-BE5B-070A18B5319D}"
EndProject
Global
	GlobalSection(SolutionConfigurationPlatforms) = preSolution
		Debug|Any CPU = Debug|Any CPU
		Release|Any CPU = Release|Any CPU
	EndGlobalSection
	GlobalSection(ProjectConfigurationPlatforms) = postSolution
		{717DC966-722B-404B-BE5B-070A18B5319D}.Debug|Any CPU.ActiveCfg = Debug|Any CPU
		{717DC966-722B-404B-BE5B-070A18B5319D}.Debug|Any CPU.Build.0 = Debug|Any CPU
		{717DC966-722B-404B-BE5B-070A18B5319D}.Release|Any CPU.ActiveCfg = Release|Any CPU
		{717DC966-722B-404B-BE5B-070A18B5319D}.Release|Any CPU.Build.0 = Release|Any CPU
	EndGlobalSection
	GlobalSection(SolutionProperties) = preSolution
		HideSolutionNode = FALSE
	EndGlobalSection
	GlobalSection(ExtensibilityGlobals) = postSolution
		SolutionGuid = {88FBDB60-DBC9-4922-873C-C53235B14020}
	EndGlobalSection
EndGlobal
